<?xml version="1.0" encoding="utf-8"?>
<Project ToolsVersion="4.0" xmlns="http://schemas.microsoft.com/developer/msbuild/2003">
  <ItemGroup>
    <Filter Include="Resource Files">
      <UniqueIdentifier>{1a913106-0be0-4476-b0ce-2aa855072614}</UniqueIdentifier>
      <Extensions>ico;cur;bmp;dlg;rc2;rct;bin;cnt;rtf;gif;jpg;jpeg;jpe</Extensions>
    </Filter>
    <Filter Include="MFC">
      <UniqueIdentifier>{da904ee8-7f59-4a6c-b3ff-b91b6fb6d0ea}</UniqueIdentifier>
    </Filter>
    <Filter Include="GameLibrary">
      <UniqueIdentifier>{df7aa532-3fdf-46a0-b3fc-8f5922e8d9e4}</UniqueIdentifier>
    </Filter>
    <Filter Include="Brawlhalla">
      <UniqueIdentifier>{0c798913-b7d2-4e26-8241-0f83266cd626}</UniqueIdentifier>
    </Filter>
    <Filter Include="Brawlhalla\BattleSystem">
      <UniqueIdentifier>{dc6cbd24-8642-41e1-8a14-8122c6ce5015}</UniqueIdentifier>
    </Filter>
    <Filter Include="Brawlhalla\Player">
      <UniqueIdentifier>{eedfae59-751c-4f3c-9e55-9614b166dac8}</UniqueIdentifier>
    </Filter>
    <Filter Include="Brawlhalla\Window">
      <UniqueIdentifier>{8a43cae0-5cbc-4c8f-b7bc-84d724010cf6}</UniqueIdentifier>
    </Filter>
    <Filter Include="Resource Files\Bitmap">
      <UniqueIdentifier>{20debdb7-5f9e-4f40-91b5-8276736af4d0}</UniqueIdentifier>
    </Filter>
    <Filter Include="Resource Files\SoundEffect">
      <UniqueIdentifier>{d19df318-3f90-4022-a479-73509e815fed}</UniqueIdentifier>
    </Filter>
    <Filter Include="Brawlhalla\Window\Camera">
      <UniqueIdentifier>{985af613-1e23-4389-99d2-c1dbb27a9ad8}</UniqueIdentifier>
    </Filter>
    <Filter Include="Brawlhalla\Basic">
      <UniqueIdentifier>{1d9c79c0-0078-428f-9bb7-8c4ffd4a9d86}</UniqueIdentifier>
    </Filter>
    <Filter Include="Brawlhalla\Basic\Object">
      <UniqueIdentifier>{d45bce58-2fb6-4d4b-abd5-1dbe4d1fadde}</UniqueIdentifier>
    </Filter>
    <Filter Include="Brawlhalla\Basic\GameComFunc">
      <UniqueIdentifier>{95e22aca-2741-44d0-8213-e4a98de43e1e}</UniqueIdentifier>
    </Filter>
    <Filter Include="Brawlhalla\Window\UI">
      <UniqueIdentifier>{f46e6c8d-3b0d-44a2-b992-0d6f80a81215}</UniqueIdentifier>
    </Filter>
    <Filter Include="Brawlhalla\Map">
      <UniqueIdentifier>{91b11b4f-1bf2-4c0c-9542-ee1c534e3f7b}</UniqueIdentifier>
    </Filter>
    <Filter Include="Brawlhalla\Player\TriggeredAnimation">
      <UniqueIdentifier>{b21da1f6-fd96-43a6-a2df-2adb57d41fcb}</UniqueIdentifier>
    </Filter>
    <Filter Include="Brawlhalla\Player\TriggeredAnimation\Attack on Ground">
      <UniqueIdentifier>{67f1b096-65ce-4c42-8d75-58522b68c06b}</UniqueIdentifier>
    </Filter>
    <Filter Include="Brawlhalla\Player\TriggeredAnimation\Attack on Air">
      <UniqueIdentifier>{02672f95-6cbd-41b0-a918-79769bc6cbf8}</UniqueIdentifier>
    </Filter>
    <Filter Include="Brawlhalla\Player\TriggeredAnimation\Others">
      <UniqueIdentifier>{c30da535-c1d8-4fd4-af9b-82f605e4b59a}</UniqueIdentifier>
    </Filter>
    <Filter Include="Brawlhalla\Enemy">
      <UniqueIdentifier>{427d87f5-bc90-42f6-994a-5b66b01feca3}</UniqueIdentifier>
    </Filter>
    <Filter Include="Resource Files\Bitmap\Animation">
      <UniqueIdentifier>{fc9b157f-9907-4561-81f4-5f88255d1b29}</UniqueIdentifier>
    </Filter>
    <Filter Include="Resource Files\Bitmap\Animation\Player1">
      <UniqueIdentifier>{f39a9c85-c6d2-473b-9b60-5909d486e712}</UniqueIdentifier>
    </Filter>
    <Filter Include="Resource Files\Bitmap\Animation\Player1\run">
      <UniqueIdentifier>{d0ad53c6-cb0b-42d3-a4b9-af4091841338}</UniqueIdentifier>
    </Filter>
    <Filter Include="Resource Files\Bitmap\Animation\Player1\runM">
      <UniqueIdentifier>{5e88158c-d684-4f5a-b3ff-f43a8a02ab28}</UniqueIdentifier>
    </Filter>
    <Filter Include="Resource Files\Bitmap\Animation\Player1\jump">
      <UniqueIdentifier>{32877933-3b0f-4013-a5ce-77a58c01365d}</UniqueIdentifier>
    </Filter>
    <Filter Include="Resource Files\Bitmap\Animation\Player1\jumpM">
      <UniqueIdentifier>{8790d827-3de7-4b78-ba4f-aa98b676a320}</UniqueIdentifier>
    </Filter>
    <Filter Include="Brawlhalla\Player\RespawnCourier">
      <UniqueIdentifier>{1e0f1efe-b94a-454a-a42c-d804f85122aa}</UniqueIdentifier>
    </Filter>
    <Filter Include="Brawlhalla\Basic\Vector2">
      <UniqueIdentifier>{1b5e61f6-30ea-4da1-8759-e9625cb2098d}</UniqueIdentifier>
    </Filter>
    <Filter Include="Brawlhalla\BattleSystem\ExplosionEffect">
      <UniqueIdentifier>{34624e8c-9fbc-408f-80ae-46042f364aa0}</UniqueIdentifier>
    </Filter>
    <Filter Include="Brawlhalla\BattleSystem\UIMessage">
      <UniqueIdentifier>{e8433d73-925b-4d48-97e9-d1c45631648a}</UniqueIdentifier>
    </Filter>
    <Filter Include="Brawlhalla\Map\Ground">
      <UniqueIdentifier>{67a04a7c-d01e-45ab-a019-c4ccc3682d5d}</UniqueIdentifier>
    </Filter>
    <Filter Include="Brawlhalla\Map\Weapon">
      <UniqueIdentifier>{418f50f4-226b-4692-b861-52f39d442a2d}</UniqueIdentifier>
    </Filter>
    <Filter Include="Brawlhalla\Boss">
      <UniqueIdentifier>{6d711e18-56a1-43d4-a193-0bbccff69ecf}</UniqueIdentifier>
    </Filter>
    <Filter Include="Brawlhalla\Player\Player States">
      <UniqueIdentifier>{d937a507-ce6a-4230-b6ff-6cb8e852e477}</UniqueIdentifier>
    </Filter>
    <Filter Include="Brawlhalla\Player\Player States\PlayerUnconsciousState">
      <UniqueIdentifier>{a1ec8f1c-b53e-4c22-98e8-d942099402b6}</UniqueIdentifier>
    </Filter>
    <Filter Include="Brawlhalla\Player\Player States\PlayerRespawnState">
      <UniqueIdentifier>{fa8ec0a7-b454-48af-bd6e-92b5b26b0220}</UniqueIdentifier>
    </Filter>
    <Filter Include="Brawlhalla\Player\Player States\PlayerConsciousState">
      <UniqueIdentifier>{9a57bf1d-d183-49e4-9a62-3e695b6b061f}</UniqueIdentifier>
    </Filter>
    <Filter Include="Brawlhalla\Player\Player States\PlayerImmuneState">
      <UniqueIdentifier>{d6de6ff4-280b-41df-a17a-7f4ba5888c22}</UniqueIdentifier>
    </Filter>
  </ItemGroup>
  <ItemGroup>
    <None Include="RES\continue.bmp">
      <Filter>Resource Files\Bitmap</Filter>
    </None>
    <None Include="Res\corner.bmp">
      <Filter>Resource Files\Bitmap</Filter>
    </None>
    <None Include="res\game.ico">
      <Filter>Resource Files\Bitmap</Filter>
    </None>
    <None Include="res\game.rc2">
      <Filter>Resource Files\Bitmap</Filter>
    </None>
    <None Include="RES\gamecurs.cur">
      <Filter>Resource Files\Bitmap</Filter>
    </None>
    <None Include="res\gameDoc.ico">
      <Filter>Resource Files\Bitmap</Filter>
    </None>
    <None Include="RES\loading.bmp">
      <Filter>Resource Files\Bitmap</Filter>
    </None>
    <None Include="res\player11.bin">
      <Filter>Resource Files\Bitmap</Filter>
    </None>
    <None Include="res\sound1.bin">
      <Filter>Resource Files\Bitmap</Filter>
    </None>
    <None Include="res\sound2.bin">
      <Filter>Resource Files\Bitmap</Filter>
    </None>
    <None Include="res\Toolbar.bmp">
      <Filter>Resource Files\Bitmap</Filter>
    </None>
    <None Include="ClassDiagram.cd" />
  </ItemGroup>
  <ItemGroup>
    <ClCompile Include="Source\audio.cpp">
      <Filter>GameLibrary</Filter>
    </ClCompile>
    <ClCompile Include="Source\game.cpp">
      <Filter>MFC</Filter>
    </ClCompile>
    <ClCompile Include="Source\gameDoc.cpp">
      <Filter>MFC</Filter>
    </ClCompile>
    <ClCompile Include="Source\gamelib.cpp">
      <Filter>GameLibrary</Filter>
    </ClCompile>
    <ClCompile Include="Source\gameView.cpp">
      <Filter>MFC</Filter>
    </ClCompile>
    <ClCompile Include="Source\MainFrm.cpp">
      <Filter>MFC</Filter>
    </ClCompile>
    <ClCompile Include="Source\StdAfx.cpp">
      <Filter>MFC</Filter>
    </ClCompile>
    <ClCompile Include="Source\brawlhalla.cpp">
      <Filter>Brawlhalla</Filter>
    </ClCompile>
    <ClCompile Include="Source\gameComFunc.cpp">
      <Filter>Brawlhalla\Basic\GameComFunc</Filter>
    </ClCompile>
    <ClCompile Include="Source\object.cpp">
      <Filter>Brawlhalla\Basic\Object</Filter>
    </ClCompile>
    <ClCompile Include="Source\player.cpp">
      <Filter>Brawlhalla\Player</Filter>
    </ClCompile>
    <ClCompile Include="Source\ground.cpp">
      <Filter>Brawlhalla\Map\Ground</Filter>
    </ClCompile>
    <ClCompile Include="Source\battleSystem.cpp">
      <Filter>Brawlhalla\BattleSystem</Filter>
    </ClCompile>
    <ClCompile Include="Source\weapon.cpp">
      <Filter>Brawlhalla\Map\Weapon</Filter>
    </ClCompile>
    <ClCompile Include="Source\ui.cpp">
      <Filter>Brawlhalla\Window\UI</Filter>
    </ClCompile>
    <ClCompile Include="source\camera.cpp">
      <Filter>Brawlhalla\Window\Camera</Filter>
    </ClCompile>
    <ClCompile Include="Source\window.cpp">
      <Filter>Brawlhalla\Window</Filter>
    </ClCompile>
    <ClCompile Include="Source\Vector2.cpp">
      <Filter>Brawlhalla\Basic\Vector2</Filter>
    </ClCompile>
    <ClCompile Include="Source\TriggeredAnimation.cpp">
      <Filter>Brawlhalla\Player\TriggeredAnimation</Filter>
    </ClCompile>
    <ClCompile Include="Source\AirAttackTriggeredAnimation.cpp">
      <Filter>Brawlhalla\Player\TriggeredAnimation\Attack on Air</Filter>
    </ClCompile>
    <ClCompile Include="Source\AirLandDownAttackTriggeredAnimation.cpp">
      <Filter>Brawlhalla\Player\TriggeredAnimation\Attack on Air</Filter>
    </ClCompile>
    <ClCompile Include="Source\AirMoveLeftAttackTriggeredAnimation.cpp">
      <Filter>Brawlhalla\Player\TriggeredAnimation\Attack on Air</Filter>
    </ClCompile>
    <ClCompile Include="Source\AirMoveRightAttackTriggeredAnimation.cpp">
      <Filter>Brawlhalla\Player\TriggeredAnimation\Attack on Air</Filter>
    </ClCompile>
    <ClCompile Include="Source\DodgeTriggeredAnimation.cpp">
      <Filter>Brawlhalla\Player\TriggeredAnimation\Others</Filter>
    </ClCompile>
    <ClCompile Include="Source\DrawSwordTriggeredAnimation.cpp">
      <Filter>Brawlhalla\Player\TriggeredAnimation\Others</Filter>
    </ClCompile>
    <ClCompile Include="Source\GroundAttackTriggeredAnimation.cpp">
      <Filter>Brawlhalla\Player\TriggeredAnimation\Attack on Ground</Filter>
    </ClCompile>
    <ClCompile Include="Source\GroundLandDownAttackTriggeredAnimation.cpp">
      <Filter>Brawlhalla\Player\TriggeredAnimation\Attack on Ground</Filter>
    </ClCompile>
    <ClCompile Include="Source\GroundMoveLeftAttackTriggeredAnimation.cpp">
      <Filter>Brawlhalla\Player\TriggeredAnimation\Attack on Ground</Filter>
    </ClCompile>
    <ClCompile Include="Source\GroundMoveRightAttackTriggeredAnimation.cpp">
      <Filter>Brawlhalla\Player\TriggeredAnimation\Attack on Ground</Filter>
    </ClCompile>
    <ClCompile Include="Source\enemy.cpp">
      <Filter>Brawlhalla\Enemy</Filter>
    </ClCompile>
    <ClCompile Include="Source\ExplosionEffect.cpp">
      <Filter>Brawlhalla\BattleSystem\ExplosionEffect</Filter>
    </ClCompile>
    <ClCompile Include="Source\UIMessage.cpp">
      <Filter>Brawlhalla\BattleSystem\UIMessage</Filter>
    </ClCompile>
    <ClCompile Include="Source\RespawnCourier.cpp">
      <Filter>Brawlhalla\Player\RespawnCourier</Filter>
    </ClCompile>
    <ClCompile Include="Source\PlayerConsciousState.cpp">
      <Filter>Brawlhalla\Player\Player States\PlayerConsciousState</Filter>
    </ClCompile>
    <ClCompile Include="Source\PlayerUnconsciousState.cpp">
      <Filter>Brawlhalla\Player\Player States\PlayerUnconsciousState</Filter>
    </ClCompile>
    <ClCompile Include="Source\PlayerRespawnState.cpp">
      <Filter>Brawlhalla\Player\Player States\PlayerRespawnState</Filter>
    </ClCompile>
    <ClCompile Include="Source\PlayerImmuneState.cpp">
      <Filter>Brawlhalla\Player\Player States\PlayerImmuneState</Filter>
    </ClCompile>
    <ClCompile Include="Source\boss.cpp">
      <Filter>Brawlhalla\Boss</Filter>
    </ClCompile>
    <ClCompile Include="Source\map.cpp">
      <Filter>Brawlhalla\Map</Filter>
    </ClCompile>
  </ItemGroup>
  <ItemGroup>
    <ClInclude Include="Source\audio.h">
      <Filter>GameLibrary</Filter>
    </ClInclude>
    <ClInclude Include="Source\game.h">
      <Filter>MFC</Filter>
    </ClInclude>
    <ClInclude Include="Source\gameDoc.h">
      <Filter>MFC</Filter>
    </ClInclude>
    <ClInclude Include="Source\gamelib.h">
      <Filter>GameLibrary</Filter>
    </ClInclude>
    <ClInclude Include="Source\gameView.h">
      <Filter>MFC</Filter>
    </ClInclude>
    <ClInclude Include="Source\MainFrm.h">
      <Filter>MFC</Filter>
    </ClInclude>
    <ClInclude Include="Source\Resource.h">
      <Filter>MFC</Filter>
    </ClInclude>
    <ClInclude Include="Source\StdAfx.h">
      <Filter>MFC</Filter>
    </ClInclude>
    <ClInclude Include="Source\brawlhalla.h">
      <Filter>Brawlhalla</Filter>
    </ClInclude>
    <ClInclude Include="Source\object.h">
      <Filter>Brawlhalla\Basic\Object</Filter>
    </ClInclude>
    <ClInclude Include="Source\battleSystem.h">
      <Filter>Brawlhalla\BattleSystem</Filter>
    </ClInclude>
    <ClInclude Include="Source\gameComFunc.h">
      <Filter>Brawlhalla\Basic\GameComFunc</Filter>
    </ClInclude>
    <ClInclude Include="Source\ground.h">
      <Filter>Brawlhalla\Map\Ground</Filter>
    </ClInclude>
    <ClInclude Include="Source\player.h">
      <Filter>Brawlhalla\Player</Filter>
    </ClInclude>
    <ClInclude Include="Source\weapon.h">
      <Filter>Brawlhalla\Map\Weapon</Filter>
    </ClInclude>
    <ClInclude Include="Source\ui.h">
      <Filter>Brawlhalla\Window\UI</Filter>
    </ClInclude>
    <ClInclude Include="source\camera.h">
      <Filter>Brawlhalla\Window\Camera</Filter>
    </ClInclude>
    <ClInclude Include="Source\window.h">
      <Filter>Brawlhalla\Window</Filter>
    </ClInclude>
    <ClInclude Include="Source\Vector2.h">
      <Filter>Brawlhalla\Basic\Vector2</Filter>
    </ClInclude>
    <ClInclude Include="Source\TriggeredAnimation.h">
      <Filter>Brawlhalla\Player\TriggeredAnimation</Filter>
    </ClInclude>
    <ClInclude Include="Source\AirAttackTriggeredAnimation.h">
      <Filter>Brawlhalla\Player\TriggeredAnimation\Attack on Air</Filter>
    </ClInclude>
    <ClInclude Include="Source\AirLandDownAttackTriggeredAnimation.h">
      <Filter>Brawlhalla\Player\TriggeredAnimation\Attack on Air</Filter>
    </ClInclude>
    <ClInclude Include="Source\AirMoveLeftAttackTriggeredAnimation.h">
      <Filter>Brawlhalla\Player\TriggeredAnimation\Attack on Air</Filter>
    </ClInclude>
    <ClInclude Include="Source\AirMoveRightAttackTriggeredAnimation.h">
      <Filter>Brawlhalla\Player\TriggeredAnimation\Attack on Air</Filter>
    </ClInclude>
    <ClInclude Include="Source\DodgeTriggeredAnimation.h">
      <Filter>Brawlhalla\Player\TriggeredAnimation\Others</Filter>
    </ClInclude>
    <ClInclude Include="Source\DrawSwordTriggeredAnimation.h">
      <Filter>Brawlhalla\Player\TriggeredAnimation\Others</Filter>
    </ClInclude>
    <ClInclude Include="Source\GroundAttackTriggeredAnimation.h">
      <Filter>Brawlhalla\Player\TriggeredAnimation\Attack on Ground</Filter>
    </ClInclude>
    <ClInclude Include="Source\GroundLandDownAttackTriggeredAnimation.h">
      <Filter>Brawlhalla\Player\TriggeredAnimation\Attack on Ground</Filter>
    </ClInclude>
    <ClInclude Include="Source\GroundMoveLeftAttackTriggeredAnimation.h">
      <Filter>Brawlhalla\Player\TriggeredAnimation\Attack on Ground</Filter>
    </ClInclude>
    <ClInclude Include="Source\GroundMoveRightAttackTriggeredAnimation.h">
      <Filter>Brawlhalla\Player\TriggeredAnimation\Attack on Ground</Filter>
    </ClInclude>
    <ClInclude Include="Source\enemy.h">
      <Filter>Brawlhalla\Enemy</Filter>
    </ClInclude>
    <ClInclude Include="Source\ExplosionEffect.h">
      <Filter>Brawlhalla\BattleSystem\ExplosionEffect</Filter>
    </ClInclude>
    <ClInclude Include="Source\UIMessage.h">
      <Filter>Brawlhalla\BattleSystem\UIMessage</Filter>
    </ClInclude>
    <ClInclude Include="Source\RespawnCourier.h">
      <Filter>Brawlhalla\Player\RespawnCourier</Filter>
    </ClInclude>
    <ClInclude Include="Source\PlayerConsciousState.h">
      <Filter>Brawlhalla\Player\Player States\PlayerConsciousState</Filter>
    </ClInclude>
    <ClInclude Include="Source\PlayerUnconsciousState.h">
      <Filter>Brawlhalla\Player\Player States\PlayerUnconsciousState</Filter>
    </ClInclude>
    <ClInclude Include="Source\PlayerRespawnState.h">
      <Filter>Brawlhalla\Player\Player States\PlayerRespawnState</Filter>
    </ClInclude>
    <ClInclude Include="Source\PlayerImmuneState.h">
      <Filter>Brawlhalla\Player\Player States\PlayerImmuneState</Filter>
    </ClInclude>
    <ClInclude Include="Source\boss.h">
      <Filter>Brawlhalla\Boss</Filter>
    </ClInclude>
    <ClInclude Include="Source\map.h">
      <Filter>Brawlhalla\Map</Filter>
    </ClInclude>
  </ItemGroup>
  <ItemGroup>
    <ResourceCompile Include="Source\game.rc">
      <Filter>MFC</Filter>
    </ResourceCompile>
  </ItemGroup>
  <ItemGroup>
    <Image Include="RES\player1\adventurer-jump-00.bmp">
      <Filter>Resource Files\Bitmap\Animation\Player1\jump</Filter>
    </Image>
    <Image Include="RES\player1\adventurer-jump-01.bmp">
      <Filter>Resource Files\Bitmap\Animation\Player1\jump</Filter>
    </Image>
    <Image Include="RES\player1\adventurer-jump-02.bmp">
      <Filter>Resource Files\Bitmap\Animation\Player1\jump</Filter>
    </Image>
    <Image Include="RES\player1\adventurer-jump-03.bmp">
      <Filter>Resource Files\Bitmap\Animation\Player1\jump</Filter>
    </Image>
    <Image Include="RES\player1\adventurer-run-00.bmp">
      <Filter>Resource Files\Bitmap\Animation\Player1\run</Filter>
    </Image>
    <Image Include="RES\player1\adventurer-run-01.bmp">
      <Filter>Resource Files\Bitmap\Animation\Player1\run</Filter>
    </Image>
    <Image Include="RES\player1\adventurer-run-02.bmp">
      <Filter>Resource Files\Bitmap\Animation\Player1\run</Filter>
    </Image>
    <Image Include="RES\player1\adventurer-run-03.bmp">
      <Filter>Resource Files\Bitmap\Animation\Player1\run</Filter>
    </Image>
    <Image Include="RES\player1\adventurer-run-04.bmp">
      <Filter>Resource Files\Bitmap\Animation\Player1\run</Filter>
    </Image>
    <Image Include="RES\player1\adventurer-run-05.bmp">
      <Filter>Resource Files\Bitmap\Animation\Player1\run</Filter>
    </Image>
    <Image Include="RES\player1\adventurer-run-00%28Mirrored%29.bmp">
      <Filter>Resource Files\Bitmap\Animation\Player1\runM</Filter>
    </Image>
    <Image Include="RES\player1\adventurer-run-01%28Mirrored%29.bmp">
      <Filter>Resource Files\Bitmap\Animation\Player1\runM</Filter>
    </Image>
    <Image Include="RES\player1\adventurer-run-02%28Mirrored%29.bmp">
      <Filter>Resource Files\Bitmap\Animation\Player1\runM</Filter>
    </Image>
    <Image Include="RES\player1\adventurer-run-03%28Mirrored%29.bmp">
      <Filter>Resource Files\Bitmap\Animation\Player1\runM</Filter>
    </Image>
    <Image Include="RES\player1\adventurer-run-04%28Mirrored%29.bmp">
      <Filter>Resource Files\Bitmap\Animation\Player1\runM</Filter>
    </Image>
    <Image Include="RES\player1\adventurer-run-05%28Mirrored%29.bmp">
      <Filter>Resource Files\Bitmap\Animation\Player1\runM</Filter>
    </Image>
    <Image Include="RES\Numbers\0.bmp">
      <Filter>Resource Files\Bitmap</Filter>
    </Image>
    <Image Include="RES\Numbers\1.bmp">
      <Filter>Resource Files\Bitmap</Filter>
    </Image>
    <Image Include="RES\Numbers\2.bmp">
      <Filter>Resource Files\Bitmap</Filter>
    </Image>
    <Image Include="RES\Numbers\3.bmp">
      <Filter>Resource Files\Bitmap</Filter>
    </Image>
    <Image Include="RES\Numbers\4.bmp">
      <Filter>Resource Files\Bitmap</Filter>
    </Image>
    <Image Include="RES\Numbers\5.bmp">
      <Filter>Resource Files\Bitmap</Filter>
    </Image>
    <Image Include="RES\Numbers\6.bmp">
      <Filter>Resource Files\Bitmap</Filter>
    </Image>
    <Image Include="RES\Numbers\7.bmp">
      <Filter>Resource Files\Bitmap</Filter>
    </Image>
    <Image Include="RES\Numbers\8.bmp">
      <Filter>Resource Files\Bitmap</Filter>
    </Image>
    <Image Include="RES\Numbers\9.bmp">
      <Filter>Resource Files\Bitmap</Filter>
    </Image>
    <Image Include="RES\player1\adventurer-air-attack1-00(Mirrored).bmp">
      <Filter>Resource Files\Bitmap</Filter>
    </Image>
    <Image Include="RES\player1\Sword2\adventurer-air-attack1-00(Mirrored).bmp">
      <Filter>Resource Files\Bitmap</Filter>
    </Image>
    <Image Include="RES\player1\Sword2\adventurer-air-attack1-00.bmp">
      <Filter>Resource Files\Bitmap</Filter>
    </Image>
    <Image Include="RES\player1\adventurer-air-attack1-00.bmp">
      <Filter>Resource Files\Bitmap</Filter>
    </Image>
    <Image Include="RES\player1\Sword2\adventurer-air-attack1-01(Mirrored).bmp">
      <Filter>Resource Files\Bitmap</Filter>
    </Image>
    <Image Include="RES\player1\adventurer-air-attack1-01(Mirrored).bmp">
      <Filter>Resource Files\Bitmap</Filter>
    </Image>
    <Image Include="RES\player1\adventurer-air-attack1-01.bmp">
      <Filter>Resource Files\Bitmap</Filter>
    </Image>
    <Image Include="RES\player1\Sword2\adventurer-air-attack1-01.bmp">
      <Filter>Resource Files\Bitmap</Filter>
    </Image>
    <Image Include="RES\player1\Sword2\adventurer-air-attack1-02(Mirrored).bmp">
      <Filter>Resource Files\Bitmap</Filter>
    </Image>
    <Image Include="RES\player1\adventurer-air-attack1-02(Mirrored).bmp">
      <Filter>Resource Files\Bitmap</Filter>
    </Image>
    <Image Include="RES\player1\Sword2\adventurer-air-attack1-02.bmp">
      <Filter>Resource Files\Bitmap</Filter>
    </Image>
    <Image Include="RES\player1\adventurer-air-attack1-02.bmp">
      <Filter>Resource Files\Bitmap</Filter>
    </Image>
    <Image Include="RES\player1\adventurer-air-attack1-03(Mirrored).bmp">
      <Filter>Resource Files\Bitmap</Filter>
    </Image>
    <Image Include="RES\player1\Sword2\adventurer-air-attack1-03(Mirrored).bmp">
      <Filter>Resource Files\Bitmap</Filter>
    </Image>
    <Image Include="RES\player1\Sword2\adventurer-air-attack1-03.bmp">
      <Filter>Resource Files\Bitmap</Filter>
    </Image>
    <Image Include="RES\player1\adventurer-air-attack1-03.bmp">
      <Filter>Resource Files\Bitmap</Filter>
    </Image>
    <Image Include="RES\player1\adventurer-air-attack2-00(Mirrored).bmp">
      <Filter>Resource Files\Bitmap</Filter>
    </Image>
    <Image Include="RES\player1\Sword2\adventurer-air-attack2-00(Mirrored).bmp">
      <Filter>Resource Files\Bitmap</Filter>
    </Image>
    <Image Include="RES\player1\adventurer-air-attack2-00.bmp">
      <Filter>Resource Files\Bitmap</Filter>
    </Image>
    <Image Include="RES\player1\Sword2\adventurer-air-attack2-00.bmp">
      <Filter>Resource Files\Bitmap</Filter>
    </Image>
    <Image Include="RES\player1\Sword2\adventurer-air-attack2-01(Mirrored).bmp">
      <Filter>Resource Files\Bitmap</Filter>
    </Image>
    <Image Include="RES\player1\adventurer-air-attack2-01(Mirrored).bmp">
      <Filter>Resource Files\Bitmap</Filter>
    </Image>
    <Image Include="RES\player1\Sword2\adventurer-air-attack2-01.bmp">
      <Filter>Resource Files\Bitmap</Filter>
    </Image>
    <Image Include="RES\player1\adventurer-air-attack2-01.bmp">
      <Filter>Resource Files\Bitmap</Filter>
    </Image>
    <Image Include="RES\player1\Sword2\adventurer-air-attack2-02(Mirrored).bmp">
      <Filter>Resource Files\Bitmap</Filter>
    </Image>
    <Image Include="RES\player1\adventurer-air-attack2-02(Mirrored).bmp">
      <Filter>Resource Files\Bitmap</Filter>
    </Image>
    <Image Include="RES\player1\adventurer-air-attack2-02.bmp">
      <Filter>Resource Files\Bitmap</Filter>
    </Image>
    <Image Include="RES\player1\Sword2\adventurer-air-attack2-02.bmp">
      <Filter>Resource Files\Bitmap</Filter>
    </Image>
    <Image Include="RES\player1\Sword2\adventurer-air-attack-3-end-00(Mirrored).bmp">
      <Filter>Resource Files\Bitmap</Filter>
    </Image>
    <Image Include="RES\player1\adventurer-air-attack-3-end-00(Mirrored).bmp">
      <Filter>Resource Files\Bitmap</Filter>
    </Image>
    <Image Include="RES\player1\adventurer-air-attack-3-end-00.bmp">
      <Filter>Resource Files\Bitmap</Filter>
    </Image>
    <Image Include="RES\player1\Sword2\adventurer-air-attack-3-end-00.bmp">
      <Filter>Resource Files\Bitmap</Filter>
    </Image>
    <Image Include="RES\player1\adventurer-air-attack-3-end-01(Mirrored).bmp">
      <Filter>Resource Files\Bitmap</Filter>
    </Image>
    <Image Include="RES\player1\Sword2\adventurer-air-attack-3-end-01(Mirrored).bmp">
      <Filter>Resource Files\Bitmap</Filter>
    </Image>
    <Image Include="RES\player1\Sword2\adventurer-air-attack-3-end-01.bmp">
      <Filter>Resource Files\Bitmap</Filter>
    </Image>
    <Image Include="RES\player1\adventurer-air-attack-3-end-01.bmp">
      <Filter>Resource Files\Bitmap</Filter>
    </Image>
    <Image Include="RES\player1\adventurer-air-attack-3-end-02(Mirrored).bmp">
      <Filter>Resource Files\Bitmap</Filter>
    </Image>
    <Image Include="RES\player1\Sword2\adventurer-air-attack-3-end-02(Mirrored).bmp">
      <Filter>Resource Files\Bitmap</Filter>
    </Image>
    <Image Include="RES\player1\Sword2\adventurer-air-attack-3-end-02.bmp">
      <Filter>Resource Files\Bitmap</Filter>
    </Image>
    <Image Include="RES\player1\adventurer-air-attack-3-end-02.bmp">
      <Filter>Resource Files\Bitmap</Filter>
    </Image>
    <Image Include="RES\player1\Sword2\adventurer-air-attack3-loop-00(Mirrored).bmp">
      <Filter>Resource Files\Bitmap</Filter>
    </Image>
    <Image Include="RES\player1\adventurer-air-attack3-loop-00(Mirrored).bmp">
      <Filter>Resource Files\Bitmap</Filter>
    </Image>
    <Image Include="RES\player1\Sword2\adventurer-air-attack3-loop-00.bmp">
      <Filter>Resource Files\Bitmap</Filter>
    </Image>
    <Image Include="RES\player1\adventurer-air-attack3-loop-00.bmp">
      <Filter>Resource Files\Bitmap</Filter>
    </Image>
    <Image Include="RES\player1\adventurer-air-attack3-loop-01(Mirrored).bmp">
      <Filter>Resource Files\Bitmap</Filter>
    </Image>
    <Image Include="RES\player1\Sword2\adventurer-air-attack3-loop-01(Mirrored).bmp">
      <Filter>Resource Files\Bitmap</Filter>
    </Image>
    <Image Include="RES\player1\Sword2\adventurer-air-attack3-loop-01.bmp">
      <Filter>Resource Files\Bitmap</Filter>
    </Image>
    <Image Include="RES\player1\adventurer-air-attack3-loop-01.bmp">
      <Filter>Resource Files\Bitmap</Filter>
    </Image>
    <Image Include="RES\player1\Sword2\adventurer-air-attack3-rdy-00(Mirrored).bmp">
      <Filter>Resource Files\Bitmap</Filter>
    </Image>
    <Image Include="RES\player1\adventurer-air-attack3-rdy-00(Mirrored).bmp">
      <Filter>Resource Files\Bitmap</Filter>
    </Image>
    <Image Include="RES\player1\Sword2\adventurer-air-attack3-rdy-00.bmp">
      <Filter>Resource Files\Bitmap</Filter>
    </Image>
    <Image Include="RES\player1\adventurer-air-attack3-rdy-00.bmp">
      <Filter>Resource Files\Bitmap</Filter>
    </Image>
    <Image Include="RES\player1\adventurer-attack1-00(Mirrored).bmp">
      <Filter>Resource Files\Bitmap</Filter>
    </Image>
    <Image Include="RES\player1\Sword2\adventurer-attack1-00(Mirrored).bmp">
      <Filter>Resource Files\Bitmap</Filter>
    </Image>
    <Image Include="RES\player1\Sword2\adventurer-attack1-00.bmp">
      <Filter>Resource Files\Bitmap</Filter>
    </Image>
    <Image Include="RES\player1\adventurer-attack1-00.bmp">
      <Filter>Resource Files\Bitmap</Filter>
    </Image>
    <Image Include="RES\player1\Sword2\adventurer-attack1-01(Mirrored).bmp">
      <Filter>Resource Files\Bitmap</Filter>
    </Image>
    <Image Include="RES\player1\adventurer-attack1-01(Mirrored).bmp">
      <Filter>Resource Files\Bitmap</Filter>
    </Image>
    <Image Include="RES\player1\adventurer-attack1-01.bmp">
      <Filter>Resource Files\Bitmap</Filter>
    </Image>
    <Image Include="RES\player1\Sword2\adventurer-attack1-01.bmp">
      <Filter>Resource Files\Bitmap</Filter>
    </Image>
    <Image Include="RES\player1\adventurer-attack1-02(Mirrored).bmp">
      <Filter>Resource Files\Bitmap</Filter>
    </Image>
    <Image Include="RES\player1\Sword2\adventurer-attack1-02(Mirrored).bmp">
      <Filter>Resource Files\Bitmap</Filter>
    </Image>
    <Image Include="RES\player1\Sword2\adventurer-attack1-02.bmp">
      <Filter>Resource Files\Bitmap</Filter>
    </Image>
    <Image Include="RES\player1\adventurer-attack1-02.bmp">
      <Filter>Resource Files\Bitmap</Filter>
    </Image>
    <Image Include="RES\player1\Sword2\adventurer-attack1-03(Mirrored).bmp">
      <Filter>Resource Files\Bitmap</Filter>
    </Image>
    <Image Include="RES\player1\adventurer-attack1-03(Mirrored).bmp">
      <Filter>Resource Files\Bitmap</Filter>
    </Image>
    <Image Include="RES\player1\adventurer-attack1-03.bmp">
      <Filter>Resource Files\Bitmap</Filter>
    </Image>
    <Image Include="RES\player1\Sword2\adventurer-attack1-03.bmp">
      <Filter>Resource Files\Bitmap</Filter>
    </Image>
    <Image Include="RES\player1\adventurer-attack1-04(Mirrored).bmp">
      <Filter>Resource Files\Bitmap</Filter>
    </Image>
    <Image Include="RES\player1\Sword2\adventurer-attack1-04(Mirrored).bmp">
      <Filter>Resource Files\Bitmap</Filter>
    </Image>
    <Image Include="RES\player1\Sword2\adventurer-attack1-04.bmp">
      <Filter>Resource Files\Bitmap</Filter>
    </Image>
    <Image Include="RES\player1\adventurer-attack1-04.bmp">
      <Filter>Resource Files\Bitmap</Filter>
    </Image>
    <Image Include="RES\player1\Sword2\adventurer-attack3-00(Mirrored).bmp">
      <Filter>Resource Files\Bitmap</Filter>
    </Image>
    <Image Include="RES\player1\adventurer-attack3-00(Mirrored).bmp">
      <Filter>Resource Files\Bitmap</Filter>
    </Image>
    <Image Include="RES\player1\adventurer-attack3-00.bmp">
      <Filter>Resource Files\Bitmap</Filter>
    </Image>
    <Image Include="RES\player1\Sword2\adventurer-attack3-00.bmp">
      <Filter>Resource Files\Bitmap</Filter>
    </Image>
    <Image Include="RES\player1\Sword2\adventurer-attack3-01(Mirrored).bmp">
      <Filter>Resource Files\Bitmap</Filter>
    </Image>
    <Image Include="RES\player1\adventurer-attack3-01(Mirrored).bmp">
      <Filter>Resource Files\Bitmap</Filter>
    </Image>
    <Image Include="RES\player1\adventurer-attack3-01.bmp">
      <Filter>Resource Files\Bitmap</Filter>
    </Image>
    <Image Include="RES\player1\Sword2\adventurer-attack3-01.bmp">
      <Filter>Resource Files\Bitmap</Filter>
    </Image>
    <Image Include="RES\player1\Sword2\adventurer-attack3-02(Mirrored).bmp">
      <Filter>Resource Files\Bitmap</Filter>
    </Image>
    <Image Include="RES\player1\adventurer-attack3-02(Mirrored).bmp">
      <Filter>Resource Files\Bitmap</Filter>
    </Image>
    <Image Include="RES\player1\Sword2\adventurer-attack3-02.bmp">
      <Filter>Resource Files\Bitmap</Filter>
    </Image>
    <Image Include="RES\player1\adventurer-attack3-02.bmp">
      <Filter>Resource Files\Bitmap</Filter>
    </Image>
    <Image Include="RES\player1\adventurer-attack3-03(Mirrored).bmp">
      <Filter>Resource Files\Bitmap</Filter>
    </Image>
    <Image Include="RES\player1\Sword2\adventurer-attack3-03(Mirrored).bmp">
      <Filter>Resource Files\Bitmap</Filter>
    </Image>
    <Image Include="RES\player1\Sword2\adventurer-attack3-03.bmp">
      <Filter>Resource Files\Bitmap</Filter>
    </Image>
    <Image Include="RES\player1\adventurer-attack3-03.bmp">
      <Filter>Resource Files\Bitmap</Filter>
    </Image>
    <Image Include="RES\player1\adventurer-attack3-04(Mirrored).bmp">
      <Filter>Resource Files\Bitmap</Filter>
    </Image>
    <Image Include="RES\player1\Sword2\adventurer-attack3-04(Mirrored).bmp">
      <Filter>Resource Files\Bitmap</Filter>
    </Image>
    <Image Include="RES\player1\Sword2\adventurer-attack3-04.bmp">
      <Filter>Resource Files\Bitmap</Filter>
    </Image>
    <Image Include="RES\player1\adventurer-attack3-04.bmp">
      <Filter>Resource Files\Bitmap</Filter>
    </Image>
    <Image Include="RES\player1\Sword2\adventurer-attack3-05(Mirrored).bmp">
      <Filter>Resource Files\Bitmap</Filter>
    </Image>
    <Image Include="RES\player1\adventurer-attack3-05(Mirrored).bmp">
      <Filter>Resource Files\Bitmap</Filter>
    </Image>
    <Image Include="RES\player1\adventurer-attack3-05.bmp">
      <Filter>Resource Files\Bitmap</Filter>
    </Image>
    <Image Include="RES\player1\Sword2\adventurer-attack3-05.bmp">
      <Filter>Resource Files\Bitmap</Filter>
    </Image>
    <Image Include="RES\player1\adventurer-crouch-00(Mirrored).bmp">
      <Filter>Resource Files\Bitmap</Filter>
    </Image>
    <Image Include="RES\player1\adventurer-crouch-00.bmp">
      <Filter>Resource Files\Bitmap</Filter>
    </Image>
    <Image Include="RES\player1\adventurer-crouch-01(Mirrored).bmp">
      <Filter>Resource Files\Bitmap</Filter>
    </Image>
    <Image Include="RES\player1\adventurer-crouch-01.bmp">
      <Filter>Resource Files\Bitmap</Filter>
    </Image>
    <Image Include="..\..\..\..\..\RES\player1\adventurer-fall-00(Mirrored).bmp">
      <Filter>Resource Files\Bitmap</Filter>
    </Image>
    <Image Include="RES\player1\adventurer-fall-00(Mirrored).bmp">
      <Filter>Resource Files\Bitmap</Filter>
    </Image>
    <Image Include="..\..\..\..\..\RES\player1\adventurer-fall-00.bmp">
      <Filter>Resource Files\Bitmap</Filter>
    </Image>
    <Image Include="RES\player1\adventurer-fall-00.bmp">
      <Filter>Resource Files\Bitmap</Filter>
    </Image>
    <Image Include="..\..\..\..\..\RES\player1\adventurer-fall-01(Mirrored).bmp">
      <Filter>Resource Files\Bitmap</Filter>
    </Image>
    <Image Include="RES\player1\adventurer-fall-01(Mirrored).bmp">
      <Filter>Resource Files\Bitmap</Filter>
    </Image>
    <Image Include="..\..\..\..\..\RES\player1\adventurer-fall-01.bmp">
      <Filter>Resource Files\Bitmap</Filter>
    </Image>
    <Image Include="RES\player1\adventurer-fall-01.bmp">
      <Filter>Resource Files\Bitmap</Filter>
    </Image>
    <Image Include="RES\player1\adventurer-idle-00(Mirrored).bmp">
      <Filter>Resource Files\Bitmap</Filter>
    </Image>
    <Image Include="..\..\..\..\..\Google Drive(t106590011%40ntut.org.tw)\Class\107-2\OOP\Brawlhalla\RES\player1\adventurer-idle-00(Mirrored).bmp">
      <Filter>Resource Files\Bitmap</Filter>
    </Image>
    <Image Include="..\..\..\..\..\Google Drive(t106590011%40ntut.org.tw)\Class\107-2\OOP\Brawlhalla\RES\player1\adventurer-idle-00.bmp">
      <Filter>Resource Files\Bitmap</Filter>
    </Image>
    <Image Include="RES\player1\adventurer-idle-00.bmp">
      <Filter>Resource Files\Bitmap</Filter>
    </Image>
    <Image Include="..\..\..\..\..\Google Drive(t106590011%40ntut.org.tw)\Class\107-2\OOP\Brawlhalla\Source\RES\player1\adventurer-idle-00.bmp">
      <Filter>Resource Files\Bitmap</Filter>
    </Image>
    <Image Include="..\..\..\..\..\Google Drive(t106590011%40ntut.org.tw)\Class\107-2\OOP\Brawlhalla\RES\player1\adventurer-idle-01(Mirrored).bmp">
      <Filter>Resource Files\Bitmap</Filter>
    </Image>
    <Image Include="RES\player1\adventurer-idle-01(Mirrored).bmp">
      <Filter>Resource Files\Bitmap</Filter>
    </Image>
    <Image Include="..\..\..\..\..\Google Drive(t106590011%40ntut.org.tw)\Class\107-2\OOP\Brawlhalla\RES\player1\adventurer-idle-01.bmp">
      <Filter>Resource Files\Bitmap</Filter>
    </Image>
    <Image Include="RES\player1\adventurer-idle-01.bmp">
      <Filter>Resource Files\Bitmap</Filter>
    </Image>
    <Image Include="..\..\..\..\..\Google Drive(t106590011%40ntut.org.tw)\Class\107-2\OOP\Brawlhalla\Source\RES\player1\adventurer-idle-01.bmp">
      <Filter>Resource Files\Bitmap</Filter>
    </Image>
    <Image Include="..\..\..\..\..\Google Drive(t106590011%40ntut.org.tw)\Class\107-2\OOP\Brawlhalla\RES\player1\adventurer-idle-02(Mirrored).bmp">
      <Filter>Resource Files\Bitmap</Filter>
    </Image>
    <Image Include="RES\player1\adventurer-idle-02(Mirrored).bmp">
      <Filter>Resource Files\Bitmap</Filter>
    </Image>
    <Image Include="RES\player1\adventurer-idle-02.bmp">
      <Filter>Resource Files\Bitmap</Filter>
    </Image>
    <Image Include="..\..\..\..\..\Google Drive(t106590011%40ntut.org.tw)\Class\107-2\OOP\Brawlhalla\RES\player1\adventurer-idle-02.bmp">
      <Filter>Resource Files\Bitmap</Filter>
    </Image>
    <Image Include="..\..\..\..\..\Google Drive(t106590011%40ntut.org.tw)\Class\107-2\OOP\Brawlhalla\Source\RES\player1\adventurer-idle-02.bmp">
      <Filter>Resource Files\Bitmap</Filter>
    </Image>
    <Image Include="RES\player1\adventurer-idle-2-00(Mirrored).bmp">
      <Filter>Resource Files\Bitmap</Filter>
    </Image>
    <Image Include="RES\player1\Sword2\adventurer-idle-2-00(Mirrored).bmp">
      <Filter>Resource Files\Bitmap</Filter>
    </Image>
    <Image Include="RES\player1\adventurer-idle-2-00.bmp">
      <Filter>Resource Files\Bitmap</Filter>
    </Image>
    <Image Include="RES\player1\Sword2\adventurer-idle-2-00.bmp">
      <Filter>Resource Files\Bitmap</Filter>
    </Image>
    <Image Include="RES\player1\adventurer-idle-2-01(Mirrored).bmp">
      <Filter>Resource Files\Bitmap</Filter>
    </Image>
    <Image Include="RES\player1\Sword2\adventurer-idle-2-01(Mirrored).bmp">
      <Filter>Resource Files\Bitmap</Filter>
    </Image>
    <Image Include="RES\player1\Sword2\adventurer-idle-2-01.bmp">
      <Filter>Resource Files\Bitmap</Filter>
    </Image>
    <Image Include="RES\player1\adventurer-idle-2-01.bmp">
      <Filter>Resource Files\Bitmap</Filter>
    </Image>
    <Image Include="RES\player1\Sword2\adventurer-idle-2-02(Mirrored).bmp">
      <Filter>Resource Files\Bitmap</Filter>
    </Image>
    <Image Include="RES\player1\adventurer-idle-2-02(Mirrored).bmp">
      <Filter>Resource Files\Bitmap</Filter>
    </Image>
    <Image Include="RES\player1\Sword2\adventurer-idle-2-02.bmp">
      <Filter>Resource Files\Bitmap</Filter>
    </Image>
    <Image Include="RES\player1\adventurer-idle-2-02.bmp">
      <Filter>Resource Files\Bitmap</Filter>
    </Image>
    <Image Include="RES\player1\adventurer-idle-2-03(Mirrored).bmp">
      <Filter>Resource Files\Bitmap</Filter>
    </Image>
    <Image Include="RES\player1\Sword2\adventurer-idle-2-03(Mirrored).bmp">
      <Filter>Resource Files\Bitmap</Filter>
    </Image>
    <Image Include="RES\player1\adventurer-idle-2-03.bmp">
      <Filter>Resource Files\Bitmap</Filter>
    </Image>
    <Image Include="RES\player1\Sword2\adventurer-idle-2-03.bmp">
      <Filter>Resource Files\Bitmap</Filter>
    </Image>
    <Image Include="RES\player1\adventurer-jump-00%28Mirrored%29.bmp">
      <Filter>Resource Files\Bitmap</Filter>
    </Image>
    <Image Include="RES\player1\adventurer-jump-01%28Mirrored%29.bmp">
      <Filter>Resource Files\Bitmap</Filter>
    </Image>
    <Image Include="RES\player1\adventurer-jump-02%28Mirrored%29.bmp">
      <Filter>Resource Files\Bitmap</Filter>
    </Image>
    <Image Include="RES\player1\adventurer-jump-03%28Mirrored%29.bmp">
      <Filter>Resource Files\Bitmap</Filter>
    </Image>
    <Image Include="RES\player1\Punch\adventurer-kick-00(Mirrored).bmp">
      <Filter>Resource Files\Bitmap</Filter>
    </Image>
    <Image Include="RES\player1\Punch\adventurer-kick-00.bmp">
      <Filter>Resource Files\Bitmap</Filter>
    </Image>
    <Image Include="RES\player1\Punch\adventurer-kick-01(Mirrored).bmp">
      <Filter>Resource Files\Bitmap</Filter>
    </Image>
    <Image Include="RES\player1\Punch\adventurer-kick-01.bmp">
      <Filter>Resource Files\Bitmap</Filter>
    </Image>
    <Image Include="RES\player1\Punch\adventurer-kick-02(Mirrored).bmp">
      <Filter>Resource Files\Bitmap</Filter>
    </Image>
    <Image Include="RES\player1\Punch\adventurer-kick-02.bmp">
      <Filter>Resource Files\Bitmap</Filter>
    </Image>
    <Image Include="RES\player1\Punch\adventurer-kick-03(Mirrored).bmp">
      <Filter>Resource Files\Bitmap</Filter>
    </Image>
    <Image Include="RES\player1\Punch\adventurer-kick-03.bmp">
      <Filter>Resource Files\Bitmap</Filter>
    </Image>
    <Image Include="RES\player1\Punch\adventurer-kick-04(Mirrored).bmp">
      <Filter>Resource Files\Bitmap</Filter>
    </Image>
    <Image Include="RES\player1\Punch\adventurer-kick-04.bmp">
      <Filter>Resource Files\Bitmap</Filter>
    </Image>
    <Image Include="RES\player1\Punch\adventurer-kick-05(Mirrored).bmp">
      <Filter>Resource Files\Bitmap</Filter>
    </Image>
    <Image Include="RES\player1\Punch\adventurer-kick-05.bmp">
      <Filter>Resource Files\Bitmap</Filter>
    </Image>
    <Image Include="RES\player1\Punch\adventurer-kick-06(Mirrored).bmp">
      <Filter>Resource Files\Bitmap</Filter>
    </Image>
    <Image Include="RES\player1\Punch\adventurer-kick-06.bmp">
      <Filter>Resource Files\Bitmap</Filter>
    </Image>
    <Image Include="RES\player1\Punch\adventurer-kick-07(Mirrored).bmp">
      <Filter>Resource Files\Bitmap</Filter>
    </Image>
    <Image Include="RES\player1\Punch\adventurer-kick-07.bmp">
      <Filter>Resource Files\Bitmap</Filter>
    </Image>
    <Image Include="RES\player1\Punch\adventurer-knock-dwn-03(Mirrored).bmp">
      <Filter>Resource Files\Bitmap</Filter>
    </Image>
    <Image Include="RES\player1\Punch\adventurer-knock-dwn-03.bmp">
      <Filter>Resource Files\Bitmap</Filter>
    </Image>
    <Image Include="RES\player1\Punch\adventurer-knock-dwn-04(Mirrored).bmp">
      <Filter>Resource Files\Bitmap</Filter>
    </Image>
    <Image Include="RES\player1\Punch\adventurer-knock-dwn-04.bmp">
      <Filter>Resource Files\Bitmap</Filter>
    </Image>
    <Image Include="RES\player1\Punch\adventurer-knock-dwn-05(Mirrored).bmp">
      <Filter>Resource Files\Bitmap</Filter>
    </Image>
    <Image Include="RES\player1\Punch\adventurer-knock-dwn-05.bmp">
      <Filter>Resource Files\Bitmap</Filter>
    </Image>
    <Image Include="RES\player1\Punch\adventurer-punch-00(Mirrored).bmp">
      <Filter>Resource Files\Bitmap</Filter>
    </Image>
    <Image Include="RES\player1\Punch\adventurer-punch-00.bmp">
      <Filter>Resource Files\Bitmap</Filter>
    </Image>
    <Image Include="RES\player1\Punch\adventurer-punch-01(Mirrored).bmp">
      <Filter>Resource Files\Bitmap</Filter>
    </Image>
    <Image Include="RES\player1\Punch\adventurer-punch-01.bmp">
      <Filter>Resource Files\Bitmap</Filter>
    </Image>
    <Image Include="RES\player1\Punch\adventurer-punch-02(Mirrored).bmp">
      <Filter>Resource Files\Bitmap</Filter>
    </Image>
    <Image Include="RES\player1\Punch\adventurer-punch-02.bmp">
      <Filter>Resource Files\Bitmap</Filter>
    </Image>
    <Image Include="RES\player1\Punch\adventurer-punch-03(Mirrored).bmp">
      <Filter>Resource Files\Bitmap</Filter>
    </Image>
    <Image Include="RES\player1\Punch\adventurer-punch-03.bmp">
      <Filter>Resource Files\Bitmap</Filter>
    </Image>
    <Image Include="RES\player1\Punch\adventurer-punch-04(Mirrored).bmp">
      <Filter>Resource Files\Bitmap</Filter>
    </Image>
    <Image Include="RES\player1\Punch\adventurer-punch-04.bmp">
      <Filter>Resource Files\Bitmap</Filter>
    </Image>
    <Image Include="RES\player1\Punch\adventurer-punch-05(Mirrored).bmp">
      <Filter>Resource Files\Bitmap</Filter>
    </Image>
    <Image Include="RES\player1\Punch\adventurer-punch-05.bmp">
      <Filter>Resource Files\Bitmap</Filter>
    </Image>
    <Image Include="RES\player1\Punch\adventurer-punch-06(Mirrored).bmp">
      <Filter>Resource Files\Bitmap</Filter>
    </Image>
    <Image Include="RES\player1\Punch\adventurer-punch-06.bmp">
      <Filter>Resource Files\Bitmap</Filter>
    </Image>
    <Image Include="RES\player1\Punch\adventurer-punch-07(Mirrored).bmp">
      <Filter>Resource Files\Bitmap</Filter>
    </Image>
    <Image Include="RES\player1\Punch\adventurer-punch-07.bmp">
      <Filter>Resource Files\Bitmap</Filter>
    </Image>
    <Image Include="RES\player1\Punch\adventurer-punch-08(Mirrored).bmp">
      <Filter>Resource Files\Bitmap</Filter>
    </Image>
    <Image Include="RES\player1\Punch\adventurer-punch-08.bmp">
      <Filter>Resource Files\Bitmap</Filter>
    </Image>
    <Image Include="RES\player1\Punch\adventurer-punch-09(Mirrored).bmp">
      <Filter>Resource Files\Bitmap</Filter>
    </Image>
    <Image Include="RES\player1\Punch\adventurer-punch-09.bmp">
      <Filter>Resource Files\Bitmap</Filter>
    </Image>
    <Image Include="RES\player1\Punch\adventurer-punch-10(Mirrored).bmp">
      <Filter>Resource Files\Bitmap</Filter>
    </Image>
    <Image Include="RES\player1\Punch\adventurer-punch-10.bmp">
      <Filter>Resource Files\Bitmap</Filter>
    </Image>
    <Image Include="player1\Punch\adventurer-punch-11(Mirrored).bmp">
      <Filter>Resource Files\Bitmap</Filter>
    </Image>
    <Image Include="RES\player1\Punch\adventurer-punch-11(Mirrored).bmp">
      <Filter>Resource Files\Bitmap</Filter>
    </Image>
    <Image Include="RES\player1\Punch\adventurer-punch-11.bmp">
      <Filter>Resource Files\Bitmap</Filter>
    </Image>
    <Image Include="RES\player1\Punch\adventurer-punch-12(Mirrored).bmp">
      <Filter>Resource Files\Bitmap</Filter>
    </Image>
    <Image Include="RES\player1\Punch\adventurer-punch-12.bmp">
      <Filter>Resource Files\Bitmap</Filter>
    </Image>
    <Image Include="RES\player1\Punch\adventurer-run-punch-00(Mirrored).bmp">
      <Filter>Resource Files\Bitmap</Filter>
    </Image>
    <Image Include="RES\player1\Punch\adventurer-run-punch-00.bmp">
      <Filter>Resource Files\Bitmap</Filter>
    </Image>
    <Image Include="RES\player1\Punch\adventurer-run-punch-01(Mirrored).bmp">
      <Filter>Resource Files\Bitmap</Filter>
    </Image>
    <Image Include="RES\player1\Punch\adventurer-run-punch-01.bmp">
      <Filter>Resource Files\Bitmap</Filter>
    </Image>
    <Image Include="RES\player1\Punch\adventurer-run-punch-02(Mirrored).bmp">
      <Filter>Resource Files\Bitmap</Filter>
    </Image>
    <Image Include="RES\player1\Punch\adventurer-run-punch-02.bmp">
      <Filter>Resource Files\Bitmap</Filter>
    </Image>
    <Image Include="RES\player1\Punch\adventurer-run-punch-03(Mirrored).bmp">
      <Filter>Resource Files\Bitmap</Filter>
    </Image>
    <Image Include="RES\player1\Punch\adventurer-run-punch-03.bmp">
      <Filter>Resource Files\Bitmap</Filter>
    </Image>
    <Image Include="RES\player1\Punch\adventurer-run-punch-04(Mirrored).bmp">
      <Filter>Resource Files\Bitmap</Filter>
    </Image>
    <Image Include="RES\player1\Punch\adventurer-run-punch-04.bmp">
      <Filter>Resource Files\Bitmap</Filter>
    </Image>
    <Image Include="RES\player1\Punch\adventurer-run-punch-05(Mirrored).bmp">
      <Filter>Resource Files\Bitmap</Filter>
    </Image>
    <Image Include="RES\player1\Punch\adventurer-run-punch-05.bmp">
      <Filter>Resource Files\Bitmap</Filter>
    </Image>
    <Image Include="RES\player1\Punch\adventurer-run-punch-06(Mirrored).bmp">
      <Filter>Resource Files\Bitmap</Filter>
    </Image>
    <Image Include="RES\player1\Punch\adventurer-run-punch-06.bmp">
      <Filter>Resource Files\Bitmap</Filter>
    </Image>
    <Image Include="RES\player1\adventurer-slide-00(Mirrored).bmp">
      <Filter>Resource Files\Bitmap</Filter>
    </Image>
    <Image Include="RES\player1\adventurer-slide-00.bmp">
      <Filter>Resource Files\Bitmap</Filter>
    </Image>
    <Image Include="RES\player1\adventurer-slide-01(Mirrored).bmp">
      <Filter>Resource Files\Bitmap</Filter>
    </Image>
    <Image Include="RES\player1\adventurer-slide-01.bmp">
      <Filter>Resource Files\Bitmap</Filter>
    </Image>
    <Image Include="RES\player1\adventurer-swrd-drw-00(Mirrored).bmp">
      <Filter>Resource Files\Bitmap</Filter>
    </Image>
    <Image Include="RES\player1\Sword2\adventurer-swrd-drw-00(Mirrored).bmp">
      <Filter>Resource Files\Bitmap</Filter>
    </Image>
    <Image Include="RES\player1\adventurer-swrd-drw-00.bmp">
      <Filter>Resource Files\Bitmap</Filter>
    </Image>
    <Image Include="RES\player1\Sword2\adventurer-swrd-drw-00.bmp">
      <Filter>Resource Files\Bitmap</Filter>
    </Image>
    <Image Include="RES\player1\Sword2\adventurer-swrd-drw-01(Mirrored).bmp">
      <Filter>Resource Files\Bitmap</Filter>
    </Image>
    <Image Include="RES\player1\adventurer-swrd-drw-01(Mirrored).bmp">
      <Filter>Resource Files\Bitmap</Filter>
    </Image>
    <Image Include="RES\player1\adventurer-swrd-drw-01.bmp">
      <Filter>Resource Files\Bitmap</Filter>
    </Image>
    <Image Include="RES\player1\Sword2\adventurer-swrd-drw-01.bmp">
      <Filter>Resource Files\Bitmap</Filter>
    </Image>
    <Image Include="RES\player1\Sword2\adventurer-swrd-drw-02(Mirrored).bmp">
      <Filter>Resource Files\Bitmap</Filter>
    </Image>
    <Image Include="RES\player1\adventurer-swrd-drw-02(Mirrored).bmp">
      <Filter>Resource Files\Bitmap</Filter>
    </Image>
    <Image Include="RES\player1\Sword2\adventurer-swrd-drw-02.bmp">
      <Filter>Resource Files\Bitmap</Filter>
    </Image>
    <Image Include="RES\player1\adventurer-swrd-drw-02.bmp">
      <Filter>Resource Files\Bitmap</Filter>
    </Image>
    <Image Include="RES\player1\Sword2\adventurer-swrd-drw-03(Mirrored).bmp">
      <Filter>Resource Files\Bitmap</Filter>
    </Image>
    <Image Include="RES\player1\adventurer-swrd-drw-03(Mirrored).bmp">
      <Filter>Resource Files\Bitmap</Filter>
    </Image>
    <Image Include="RES\player1\Sword2\adventurer-swrd-drw-03.bmp">
      <Filter>Resource Files\Bitmap</Filter>
    </Image>
    <Image Include="RES\player1\adventurer-swrd-drw-03.bmp">
      <Filter>Resource Files\Bitmap</Filter>
    </Image>
    <Image Include="RES\player1\adventurer-wall-slide-00(Mirrored).bmp">
      <Filter>Resource Files\Bitmap</Filter>
    </Image>
    <Image Include="RES\player1\adventurer-wall-slide-00.bmp">
      <Filter>Resource Files\Bitmap</Filter>
    </Image>
    <Image Include="RES\player1\adventurer-wall-slide-01(Mirrored).bmp">
      <Filter>Resource Files\Bitmap</Filter>
    </Image>
    <Image Include="RES\player1\adventurer-wall-slide-01.bmp">
      <Filter>Resource Files\Bitmap</Filter>
    </Image>
    <Image Include="res\player1\bitmap1.bmp">
      <Filter>Resource Files\Bitmap</Filter>
    </Image>
    <Image Include="..\..\..\..\..\Google Drive(t106590011%40ntut.org.tw)\Class\107-2\OOP\Brawlhalla\res\player1\bitmap1.bmp">
      <Filter>Resource Files\Bitmap</Filter>
    </Image>
    <Image Include="res\brawlhalla.ico">
      <Filter>Resource Files\Bitmap</Filter>
    </Image>
    <Image Include="res\ui\brawlhalla-logo.bmp">
      <Filter>Resource Files\Bitmap</Filter>
    </Image>
    <Image Include="res\ui\communitytourneynew.bmp">
      <Filter>Resource Files\Bitmap</Filter>
    </Image>
    <Image Include="res\ui\faitmidtile.bmp">
      <Filter>Resource Files\Bitmap</Filter>
    </Image>
    <Image Include="RES\background\forest.bmp">
      <Filter>Resource Files\Bitmap</Filter>
    </Image>
    <Image Include="res\background\ground1.bmp">
      <Filter>Resource Files\Bitmap</Filter>
    </Image>
    <Image Include="RES\weapons\DefaultThrowingSword\Jade_Sword_L.bmp">
      <Filter>Resource Files\Bitmap</Filter>
    </Image>
    <Image Include="RES\weapons\DefaultThrowingSword\Jade_Sword_R.bmp">
      <Filter>Resource Files\Bitmap</Filter>
    </Image>
    <Image Include="res\ui\largetile.bmp">
      <Filter>Resource Files\Bitmap</Filter>
    </Image>
    <Image Include="RES\tests\lean_left.bmp">
      <Filter>Resource Files\Bitmap</Filter>
    </Image>
    <Image Include="RES\tests\lean_right.bmp">
      <Filter>Resource Files\Bitmap</Filter>
    </Image>
    <Image Include="RES\Numbers\minus.bmp">
      <Filter>Resource Files\Bitmap</Filter>
    </Image>
    <Image Include="res\ui\newstile.bmp">
      <Filter>Resource Files\Bitmap</Filter>
    </Image>
    <Image Include="res\player\player.bmp">
      <Filter>Resource Files\Bitmap</Filter>
    </Image>
    <Image Include="RES\player1\player1_collision.bmp">
      <Filter>Resource Files\Bitmap</Filter>
    </Image>
    <Image Include="res\ui\UIBackgroundBitmap.bmp">
      <Filter>Resource Files\Bitmap</Filter>
    </Image>
    <Image Include="RES\weapons\DefaultFallingSword\WeaponPickup.bmp">
      <Filter>Resource Files\Bitmap</Filter>
    </Image>
    <Image Include="RES\background\BG_Fjord.bmp">
      <Filter>Resource Files\Bitmap</Filter>
    </Image>
    <Image Include="RES\background\BG_Stadium.bmp">
      <Filter>Resource Files\Bitmap</Filter>
    </Image>
    <Image Include="RES\background\ground2.bmp">
      <Filter>Resource Files\Bitmap</Filter>
    </Image>
    <Image Include="RES\Effects\Explosion\explo_down0.bmp">
      <Filter>Resource Files\Bitmap</Filter>
    </Image>
    <Image Include="RES\Effects\Explosion\explo_down1.bmp">
      <Filter>Resource Files\Bitmap</Filter>
    </Image>
    <Image Include="RES\Effects\Explosion\explo_down2.bmp">
      <Filter>Resource Files\Bitmap</Filter>
    </Image>
    <Image Include="RES\Effects\Explosion\explo_down3.bmp">
      <Filter>Resource Files\Bitmap</Filter>
    </Image>
    <Image Include="RES\Effects\Explosion\explo_left0.bmp">
      <Filter>Resource Files\Bitmap</Filter>
    </Image>
    <Image Include="RES\Effects\Explosion\explo_left1.bmp">
      <Filter>Resource Files\Bitmap</Filter>
    </Image>
    <Image Include="RES\Effects\Explosion\explo_left2.bmp">
      <Filter>Resource Files\Bitmap</Filter>
    </Image>
    <Image Include="RES\Effects\Explosion\explo_left3.bmp">
      <Filter>Resource Files\Bitmap</Filter>
    </Image>
    <Image Include="RES\Effects\Explosion\explo_right0.bmp">
      <Filter>Resource Files\Bitmap</Filter>
    </Image>
    <Image Include="RES\Effects\Explosion\explo_right1.bmp">
      <Filter>Resource Files\Bitmap</Filter>
    </Image>
    <Image Include="RES\Effects\Explosion\explo_right2.bmp">
      <Filter>Resource Files\Bitmap</Filter>
    </Image>
    <Image Include="RES\Effects\Explosion\explo_right3.bmp">
      <Filter>Resource Files\Bitmap</Filter>
    </Image>
    <Image Include="RES\Effects\Explosion\explo_up0.bmp">
      <Filter>Resource Files\Bitmap</Filter>
    </Image>
    <Image Include="RES\Effects\Explosion\explo_up1.bmp">
      <Filter>Resource Files\Bitmap</Filter>
    </Image>
    <Image Include="RES\Effects\Explosion\explo_up2.bmp">
      <Filter>Resource Files\Bitmap</Filter>
    </Image>
    <Image Include="RES\Effects\Explosion\explo_up3.bmp">
      <Filter>Resource Files\Bitmap</Filter>
    </Image>
    <Image Include="RES\weapons\DefaultThrowingSword\Jade_Sword_L_45.bmp">
      <Filter>Resource Files\Bitmap</Filter>
    </Image>
    <Image Include="RES\weapons\DefaultThrowingSword\Jade_Sword_L_90.bmp">
      <Filter>Resource Files\Bitmap</Filter>
    </Image>
    <Image Include="RES\weapons\DefaultThrowingSword\Jade_Sword_L_135.bmp">
      <Filter>Resource Files\Bitmap</Filter>
    </Image>
    <Image Include="RES\weapons\DefaultThrowingSword\Jade_Sword_L_180.bmp">
      <Filter>Resource Files\Bitmap</Filter>
    </Image>
    <Image Include="RES\weapons\DefaultThrowingSword\Jade_Sword_L_225.bmp">
      <Filter>Resource Files\Bitmap</Filter>
    </Image>
    <Image Include="RES\weapons\DefaultThrowingSword\Jade_Sword_L_270.bmp">
      <Filter>Resource Files\Bitmap</Filter>
    </Image>
    <Image Include="RES\weapons\DefaultThrowingSword\Jade_Sword_L_315.bmp">
      <Filter>Resource Files\Bitmap</Filter>
    </Image>
    <Image Include="RES\weapons\DefaultThrowingSword\Jade_Sword_R_45.bmp">
      <Filter>Resource Files\Bitmap</Filter>
    </Image>
    <Image Include="RES\weapons\DefaultThrowingSword\Jade_Sword_R_90.bmp">
      <Filter>Resource Files\Bitmap</Filter>
    </Image>
    <Image Include="RES\weapons\DefaultThrowingSword\Jade_Sword_R_135.bmp">
      <Filter>Resource Files\Bitmap</Filter>
    </Image>
    <Image Include="RES\weapons\DefaultThrowingSword\Jade_Sword_R_180.bmp">
      <Filter>Resource Files\Bitmap</Filter>
    </Image>
    <Image Include="RES\weapons\DefaultThrowingSword\Jade_Sword_R_225.bmp">
      <Filter>Resource Files\Bitmap</Filter>
    </Image>
    <Image Include="RES\weapons\DefaultThrowingSword\Jade_Sword_R_270.bmp">
      <Filter>Resource Files\Bitmap</Filter>
    </Image>
    <Image Include="RES\weapons\DefaultThrowingSword\Jade_Sword_R_315.bmp">
      <Filter>Resource Files\Bitmap</Filter>
    </Image>
    <Image Include="res\ui\button\start_clk.bmp">
      <Filter>Resource Files\Bitmap</Filter>
    </Image>
    <Image Include="res\ui\button\start_hov.bmp">
      <Filter>Resource Files\Bitmap</Filter>
    </Image>
    <Image Include="res\ui\button\start_out.bmp">
      <Filter>Resource Files\Bitmap</Filter>
    </Image>
    <Image Include="RES\Characters\characters.bmp">
      <Filter>Resource Files</Filter>
    </Image>
    <Image Include="res\ui\button\button_out.bmp">
      <Filter>Resource Files</Filter>
    </Image>
    <Image Include="res\ui\button\button_hov.bmp">
      <Filter>Resource Files</Filter>
    </Image>
    <Image Include="res\ui\button\button_clk.bmp">
      <Filter>Resource Files</Filter>
    </Image>
    <Image Include="res\ui\button\setting_out.bmp">
      <Filter>Resource Files</Filter>
    </Image>
    <Image Include="res\ui\button\setting_hov.bmp">
      <Filter>Resource Files</Filter>
    </Image>
    <Image Include="res\ui\button\setting_clk.bmp">
      <Filter>Resource Files</Filter>
    </Image>
    <Image Include="res\ui\button\close_out.bmp">
      <Filter>Resource Files</Filter>
    </Image>
    <Image Include="res\ui\button\close_hov.bmp">
      <Filter>Resource Files</Filter>
    </Image>
    <Image Include="res\ui\button\close_clk.bmp">
      <Filter>Resource Files</Filter>
    </Image>
    <Image Include="RES\Effects\Skill\skill_0_0.bmp">
      <Filter>Resource Files</Filter>
    </Image>
    <Image Include="RES\Effects\Skill\skill_0_1.bmp">
      <Filter>Resource Files</Filter>
    </Image>
    <Image Include="RES\Effects\Skill\skill_0_2.bmp">
      <Filter>Resource Files</Filter>
    </Image>
    <Image Include="RES\Effects\Skill\skill_0_0(Mirrored).bmp">
      <Filter>Resource Files</Filter>
    </Image>
    <Image Include="RES\Effects\Skill\skill_0_1(Mirrored).bmp">
      <Filter>Resource Files</Filter>
    </Image>
    <Image Include="RES\Effects\Skill\skill_0_2(Mirrored).bmp">
      <Filter>Resource Files</Filter>
    </Image>
    <Image Include="RES\players\louis_0.bmp">
      <Filter>Resource Files</Filter>
    </Image>
    <Image Include="RES\players\louis_0_mirror.bmp">
      <Filter>Resource Files</Filter>
    </Image>
    <Image Include="RES\players\louis_1.bmp">
      <Filter>Resource Files</Filter>
    </Image>
    <Image Include="RES\players\louis_1_mirror.bmp">
      <Filter>Resource Files</Filter>
    </Image>
    <Image Include="RES\players\louis_2.bmp">
      <Filter>Resource Files</Filter>
    </Image>
    <Image Include="RES\players\louis_2_mirror.bmp">
      <Filter>Resource Files</Filter>
    </Image>
    <Image Include="RES\players\louisEX_0.bmp">
      <Filter>Resource Files</Filter>
    </Image>
    <Image Include="RES\players\louisEX_0_mirror.bmp">
      <Filter>Resource Files</Filter>
    </Image>
    <Image Include="RES\players\louisEX_1.bmp">
      <Filter>Resource Files</Filter>
    </Image>
    <Image Include="RES\players\louisEX_1_mirror.bmp">
      <Filter>Resource Files</Filter>
    </Image>
    <Image Include="RES\players\louisEX_2.bmp">
      <Filter>Resource Files</Filter>
    </Image>
    <Image Include="RES\players\louisEX_2_mirror.bmp">
      <Filter>Resource Files</Filter>
    </Image>
    <Image Include="RES\RespawnCourier.bmp">
      <Filter>Resource Files</Filter>
    </Image>
    <Image Include="RES\players\louisEX_3.bmp">
      <Filter>Resource Files</Filter>
    </Image>
    <Image Include="RES\players\louisEX_3_mirror.bmp">
      <Filter>Resource Files</Filter>
    </Image>
    <Image Include="RES\players\julian_0.bmp">
      <Filter>Resource Files</Filter>
    </Image>
    <Image Include="RES\players\julian_0_mirror.bmp">
      <Filter>Resource Files</Filter>
    </Image>
    <Image Include="RES\players\julian_1.bmp">
      <Filter>Resource Files</Filter>
    </Image>
    <Image Include="RES\players\julian_1_mirror.bmp">
      <Filter>Resource Files</Filter>
    </Image>
    <Image Include="RES\players\julian_2.bmp">
      <Filter>Resource Files</Filter>
    </Image>
    <Image Include="RES\players\julian_2_mirror.bmp">
      <Filter>Resource Files</Filter>
    </Image>
    <Image Include="res\players\bitmap2.bmp">
      <Filter>Resource Files</Filter>
    </Image>
    <Image Include="RES\players\collision_box.bmp">
      <Filter>Resource Files</Filter>
    </Image>
    <Image Include="RES\players\respawn_courier_left.bmp">
      <Filter>Resource Files</Filter>
    </Image>
    <Image Include="RES\players\respawn_courier_right.bmp">
      <Filter>Resource Files</Filter>
    </Image>
    <Image Include="res\ui\button\about_out.bmp">
      <Filter>Resource Files</Filter>
    </Image>
    <Image Include="res\ui\button\about_hov.bmp">
      <Filter>Resource Files</Filter>
    </Image>
    <Image Include="res\ui\button\about_clk.bmp">
      <Filter>Resource Files</Filter>
    </Image>
    <Image Include="RES\TakenDamage\taken_dmg_green.bmp">
      <Filter>Resource Files</Filter>
    </Image>
    <Image Include="RES\TakenDamage\taken_dmg_red.bmp">
      <Filter>Resource Files</Filter>
    </Image>
    <Image Include="RES\TakenDamage\taken_dmg_yellow.bmp">
      <Filter>Resource Files</Filter>
    </Image>
  </ItemGroup>
  <ItemGroup>
    <Media Include="sounds\BattleMusic.mp3">
      <Filter>Resource Files\SoundEffect</Filter>
    </Media>
    <Media Include="sounds\DrawWeapon.mp3">
      <Filter>Resource Files\SoundEffect</Filter>
    </Media>
    <Media Include="sounds\Menu.mp3">
      <Filter>Resource Files\SoundEffect</Filter>
    </Media>
    <Media Include="sounds\Punch.mp3">
      <Filter>Resource Files\SoundEffect</Filter>
    </Media>
    <Media Include="sounds\SwingAttack.mp3">
      <Filter>Resource Files\SoundEffect</Filter>
    </Media>
    <Media Include="sounds\Swoosh.mp3">
      <Filter>Resource Files\SoundEffect</Filter>
    </Media>
  </ItemGroup>
</Project>