<?xml version="1.0" encoding="utf-8"?>
<Project ToolsVersion="4.0" xmlns="http://schemas.microsoft.com/developer/msbuild/2003">
  <ItemGroup>
    <Filter Include="Resource Files">
      <UniqueIdentifier>{1a913106-0be0-4476-b0ce-2aa855072614}</UniqueIdentifier>
      <Extensions>ico;cur;bmp;dlg;rc2;rct;bin;cnt;rtf;gif;jpg;jpeg;jpe</Extensions>
    </Filter>
    <Filter Include="MFC">
      <UniqueIdentifier>{da904ee8-7f59-4a6c-b3ff-b91b6fb6d0ea}</UniqueIdentifier>
    </Filter>
    <Filter Include="GameLibrary">
      <UniqueIdentifier>{df7aa532-3fdf-46a0-b3fc-8f5922e8d9e4}</UniqueIdentifier>
    </Filter>
    <Filter Include="Brawlhalla">
      <UniqueIdentifier>{0c798913-b7d2-4e26-8241-0f83266cd626}</UniqueIdentifier>
    </Filter>
    <Filter Include="Brawlhalla\BattleSystem">
      <UniqueIdentifier>{dc6cbd24-8642-41e1-8a14-8122c6ce5015}</UniqueIdentifier>
    </Filter>
    <Filter Include="Brawlhalla\Ground">
      <UniqueIdentifier>{67a04a7c-d01e-45ab-a019-c4ccc3682d5d}</UniqueIdentifier>
    </Filter>
    <Filter Include="Brawlhalla\Object">
      <UniqueIdentifier>{d45bce58-2fb6-4d4b-abd5-1dbe4d1fadde}</UniqueIdentifier>
    </Filter>
    <Filter Include="Animation">
      <UniqueIdentifier>{fc9b157f-9907-4561-81f4-5f88255d1b29}</UniqueIdentifier>
    </Filter>
    <Filter Include="Animation\Player1">
      <UniqueIdentifier>{f39a9c85-c6d2-473b-9b60-5909d486e712}</UniqueIdentifier>
    </Filter>
    <Filter Include="Animation\Player1\run">
      <UniqueIdentifier>{d0ad53c6-cb0b-42d3-a4b9-af4091841338}</UniqueIdentifier>
    </Filter>
    <Filter Include="Animation\Player1\runM">
      <UniqueIdentifier>{5e88158c-d684-4f5a-b3ff-f43a8a02ab28}</UniqueIdentifier>
    </Filter>
    <Filter Include="Animation\Player1\jump">
      <UniqueIdentifier>{32877933-3b0f-4013-a5ce-77a58c01365d}</UniqueIdentifier>
    </Filter>
    <Filter Include="Animation\Player1\jumpM">
      <UniqueIdentifier>{8790d827-3de7-4b78-ba4f-aa98b676a320}</UniqueIdentifier>
    </Filter>
    <Filter Include="Brawlhalla\GameComFunc">
      <UniqueIdentifier>{95e22aca-2741-44d0-8213-e4a98de43e1e}</UniqueIdentifier>
    </Filter>
    <Filter Include="Brawlhalla\Player">
      <UniqueIdentifier>{eedfae59-751c-4f3c-9e55-9614b166dac8}</UniqueIdentifier>
    </Filter>
  </ItemGroup>
  <ItemGroup>
    <None Include="RES\continue.bmp">
      <Filter>Resource Files</Filter>
    </None>
    <None Include="Res\corner.bmp">
      <Filter>Resource Files</Filter>
    </None>
    <None Include="res\game.ico">
      <Filter>Resource Files</Filter>
    </None>
    <None Include="res\game.rc2">
      <Filter>Resource Files</Filter>
    </None>
    <None Include="RES\gamecurs.cur">
      <Filter>Resource Files</Filter>
    </None>
    <None Include="res\gameDoc.ico">
      <Filter>Resource Files</Filter>
    </None>
    <None Include="RES\loading.bmp">
      <Filter>Resource Files</Filter>
    </None>
    <None Include="res\Toolbar.bmp">
      <Filter>Resource Files</Filter>
    </None>
    <None Include="res\player11.bin">
      <Filter>Resource Files</Filter>
    </None>
  </ItemGroup>
  <ItemGroup>
    <ClCompile Include="Source\audio.cpp">
      <Filter>GameLibrary</Filter>
    </ClCompile>
    <ClCompile Include="Source\game.cpp">
      <Filter>MFC</Filter>
    </ClCompile>
    <ClCompile Include="Source\gameDoc.cpp">
      <Filter>MFC</Filter>
    </ClCompile>
    <ClCompile Include="Source\gamelib.cpp">
      <Filter>GameLibrary</Filter>
    </ClCompile>
    <ClCompile Include="Source\gameView.cpp">
      <Filter>MFC</Filter>
    </ClCompile>
    <ClCompile Include="Source\MainFrm.cpp">
      <Filter>MFC</Filter>
    </ClCompile>
    <ClCompile Include="Source\StdAfx.cpp">
      <Filter>MFC</Filter>
    </ClCompile>
    <ClCompile Include="Source\brawlhalla.cpp">
      <Filter>Brawlhalla</Filter>
    </ClCompile>
    <ClCompile Include="Source\gameComFunc.cpp">
      <Filter>Brawlhalla\GameComFunc</Filter>
    </ClCompile>
    <ClCompile Include="Source\object.cpp">
      <Filter>Brawlhalla\Object</Filter>
    </ClCompile>
    <ClCompile Include="Source\player.cpp">
      <Filter>Brawlhalla\Player</Filter>
    </ClCompile>
    <ClCompile Include="Source\ground.cpp">
      <Filter>Brawlhalla\Ground</Filter>
    </ClCompile>
    <ClCompile Include="Source\battleSystem.cpp">
      <Filter>Brawlhalla\BattleSystem</Filter>
    </ClCompile>
  </ItemGroup>
  <ItemGroup>
    <ClInclude Include="Source\audio.h">
      <Filter>GameLibrary</Filter>
    </ClInclude>
    <ClInclude Include="Source\game.h">
      <Filter>MFC</Filter>
    </ClInclude>
    <ClInclude Include="Source\gameDoc.h">
      <Filter>MFC</Filter>
    </ClInclude>
    <ClInclude Include="Source\gamelib.h">
      <Filter>GameLibrary</Filter>
    </ClInclude>
    <ClInclude Include="Source\gameView.h">
      <Filter>MFC</Filter>
    </ClInclude>
    <ClInclude Include="Source\MainFrm.h">
      <Filter>MFC</Filter>
    </ClInclude>
    <ClInclude Include="Source\Resource.h">
      <Filter>MFC</Filter>
    </ClInclude>
    <ClInclude Include="Source\StdAfx.h">
      <Filter>MFC</Filter>
    </ClInclude>
    <ClInclude Include="Source\brawlhalla.h">
      <Filter>Brawlhalla</Filter>
    </ClInclude>
    <ClInclude Include="Source\object.h">
      <Filter>Brawlhalla\Object</Filter>
    </ClInclude>
    <ClInclude Include="Source\battleSystem.h">
      <Filter>Brawlhalla\BattleSystem</Filter>
    </ClInclude>
    <ClInclude Include="Source\gameComFunc.h">
      <Filter>Brawlhalla\GameComFunc</Filter>
    </ClInclude>
    <ClInclude Include="Source\ground.h">
      <Filter>Brawlhalla\Ground</Filter>
    </ClInclude>
    <ClInclude Include="Source\player.h">
      <Filter>Brawlhalla\Player</Filter>
    </ClInclude>
  </ItemGroup>
  <ItemGroup>
    <ResourceCompile Include="Source\game.rc">
      <Filter>MFC</Filter>
    </ResourceCompile>
  </ItemGroup>
  <ItemGroup>
    <Image Include="RES\player1\adventurer-jump-00.bmp">
      <Filter>Animation\Player1\jump</Filter>
    </Image>
    <Image Include="RES\player1\adventurer-jump-01.bmp">
      <Filter>Animation\Player1\jump</Filter>
    </Image>
    <Image Include="RES\player1\adventurer-jump-02.bmp">
      <Filter>Animation\Player1\jump</Filter>
    </Image>
    <Image Include="RES\player1\adventurer-jump-03.bmp">
      <Filter>Animation\Player1\jump</Filter>
    </Image>
    <Image Include="RES\player1\adventurer-run-00.bmp">
      <Filter>Animation\Player1\run</Filter>
    </Image>
    <Image Include="RES\player1\adventurer-run-01.bmp">
      <Filter>Animation\Player1\run</Filter>
    </Image>
    <Image Include="RES\player1\adventurer-run-02.bmp">
      <Filter>Animation\Player1\run</Filter>
    </Image>
    <Image Include="RES\player1\adventurer-run-03.bmp">
      <Filter>Animation\Player1\run</Filter>
    </Image>
    <Image Include="RES\player1\adventurer-run-04.bmp">
      <Filter>Animation\Player1\run</Filter>
    </Image>
    <Image Include="RES\player1\adventurer-run-05.bmp">
      <Filter>Animation\Player1\run</Filter>
    </Image>
    <Image Include="RES\player1\adventurer-run-00%28Mirrored%29.bmp">
      <Filter>Animation\Player1\runM</Filter>
    </Image>
    <Image Include="RES\player1\adventurer-run-01%28Mirrored%29.bmp">
      <Filter>Animation\Player1\runM</Filter>
    </Image>
    <Image Include="RES\player1\adventurer-run-02%28Mirrored%29.bmp">
      <Filter>Animation\Player1\runM</Filter>
    </Image>
    <Image Include="RES\player1\adventurer-run-03%28Mirrored%29.bmp">
      <Filter>Animation\Player1\runM</Filter>
    </Image>
    <Image Include="RES\player1\adventurer-run-04%28Mirrored%29.bmp">
      <Filter>Animation\Player1\runM</Filter>
    </Image>
    <Image Include="RES\player1\adventurer-run-05%28Mirrored%29.bmp">
      <Filter>Animation\Player1\runM</Filter>
    </Image>
    <Image Include="RES\player1\adventurer-jump-00%28Mirrored%29.bmp">
      <Filter>Resource Files</Filter>
    </Image>
    <Image Include="RES\player1\adventurer-jump-01%28Mirrored%29.bmp">
      <Filter>Resource Files</Filter>
    </Image>
    <Image Include="RES\player1\adventurer-jump-02%28Mirrored%29.bmp">
      <Filter>Resource Files</Filter>
    </Image>
    <Image Include="RES\player1\adventurer-jump-03%28Mirrored%29.bmp">
      <Filter>Resource Files</Filter>
    </Image>
    <Image Include="res\brawlhalla.ico">
      <Filter>Resource Files</Filter>
    </Image>
    <Image Include="RES\background\forest.bmp">
      <Filter>Resource Files</Filter>
    </Image>
    <Image Include="res\background\ground1.bmp">
      <Filter>Resource Files</Filter>
    </Image>
    <Image Include="res\player\player.bmp">
      <Filter>Resource Files</Filter>
    </Image>
    <Image Include="..\..\..\..\..\Google Drive(t106590011%40ntut.org.tw)\Class\107-2\OOP\Brawlhalla\res\player1\bitmap1.bmp">
      <Filter>Resource Files</Filter>
    </Image>
    <Image Include="..\..\..\..\..\Google Drive(t106590011%40ntut.org.tw)\Class\107-2\OOP\Brawlhalla\RES\player1\adventurer-idle-00.bmp">
      <Filter>Resource Files</Filter>
    </Image>
    <Image Include="..\..\..\..\..\Google Drive(t106590011%40ntut.org.tw)\Class\107-2\OOP\Brawlhalla\RES\player1\adventurer-idle-01.bmp">
      <Filter>Resource Files</Filter>
    </Image>
    <Image Include="..\..\..\..\..\Google Drive(t106590011%40ntut.org.tw)\Class\107-2\OOP\Brawlhalla\RES\player1\adventurer-idle-02.bmp">
      <Filter>Resource Files</Filter>
    </Image>
    <Image Include="..\..\..\..\..\Google Drive(t106590011%40ntut.org.tw)\Class\107-2\OOP\Brawlhalla\Source\RES\player1\adventurer-idle-00.bmp">
      <Filter>Resource Files</Filter>
    </Image>
    <Image Include="..\..\..\..\..\Google Drive(t106590011%40ntut.org.tw)\Class\107-2\OOP\Brawlhalla\Source\RES\player1\adventurer-idle-01.bmp">
      <Filter>Resource Files</Filter>
    </Image>
    <Image Include="..\..\..\..\..\Google Drive(t106590011%40ntut.org.tw)\Class\107-2\OOP\Brawlhalla\Source\RES\player1\adventurer-idle-02.bmp">
      <Filter>Resource Files</Filter>
    </Image>
    <Image Include="..\..\..\..\..\Google Drive(t106590011%40ntut.org.tw)\Class\107-2\OOP\Brawlhalla\RES\player1\adventurer-idle-00(Mirrored).bmp">
      <Filter>Resource Files</Filter>
    </Image>
    <Image Include="..\..\..\..\..\Google Drive(t106590011%40ntut.org.tw)\Class\107-2\OOP\Brawlhalla\RES\player1\adventurer-idle-01(Mirrored).bmp">
      <Filter>Resource Files</Filter>
    </Image>
    <Image Include="..\..\..\..\..\Google Drive(t106590011%40ntut.org.tw)\Class\107-2\OOP\Brawlhalla\RES\player1\adventurer-idle-02(Mirrored).bmp">
      <Filter>Resource Files</Filter>
    </Image>
    <Image Include="RES\tests\lean_left.bmp">
      <Filter>Resource Files</Filter>
    </Image>
    <Image Include="RES\tests\lean_right.bmp">
      <Filter>Resource Files</Filter>
    </Image>
    <Image Include="RES\player1\adventurer-idle-00.bmp">
      <Filter>Resource Files</Filter>
    </Image>
    <Image Include="RES\player1\adventurer-idle-01.bmp">
      <Filter>Resource Files</Filter>
    </Image>
    <Image Include="RES\player1\adventurer-idle-02.bmp">
      <Filter>Resource Files</Filter>
    </Image>
    <Image Include="RES\player1\adventurer-idle-00(Mirrored).bmp">
      <Filter>Resource Files</Filter>
    </Image>
    <Image Include="RES\player1\adventurer-idle-01(Mirrored).bmp">
      <Filter>Resource Files</Filter>
    </Image>
    <Image Include="RES\player1\adventurer-idle-02(Mirrored).bmp">
      <Filter>Resource Files</Filter>
    </Image>
    <Image Include="RES\player1\adventurer-wall-slide-00(Mirrored).bmp">
      <Filter>Resource Files</Filter>
    </Image>
    <Image Include="RES\player1\adventurer-wall-slide-01(Mirrored).bmp">
      <Filter>Resource Files</Filter>
    </Image>
    <Image Include="RES\player1\adventurer-wall-slide-00.bmp">
      <Filter>Resource Files</Filter>
    </Image>
    <Image Include="RES\player1\adventurer-wall-slide-01.bmp">
      <Filter>Resource Files</Filter>
    </Image>
  </ItemGroup>
</Project>